
Microsoft Visual Studio Solution File, Format Version 12.00
# Visual Studio Version 16
VisualStudioVersion = 16.0.29728.190
MinimumVisualStudioVersion = 10.0.40219.1
Project("{FAE04EC0-301F-11D3-BF4B-00C04F79EFBC}") = "View", "View\View.csproj", "{AD475719-F237-4459-BA11-7CCF75C27D04}"
EndProject
Project("{FAE04EC0-301F-11D3-BF4B-00C04F79EFBC}") = "Model", "Model\Model.csproj", "{1782593E-5A4C-463A-8EEF-20BCB159495C}"
EndProject
Global
	GlobalSection(SolutionConfigurationPlatforms) = preSolution
		Debug|Any CPU = Debug|Any CPU
		Release|Any CPU = Release|Any CPU
	EndGlobalSection
	GlobalSection(ProjectConfigurationPlatforms) = postSolution
		{AD475719-F237-4459-BA11-7CCF75C27D04}.Debug|Any CPU.ActiveCfg = Debug|Any CPU
		{AD475719-F237-4459-BA11-7CCF75C27D04}.Debug|Any CPU.Build.0 = Debug|Any CPU
		{AD475719-F237-4459-BA11-7CCF75C27D04}.Release|Any CPU.ActiveCfg = Release|Any CPU
		{AD475719-F237-4459-BA11-7CCF75C27D04}.Release|Any CPU.Build.0 = Release|Any CPU
		{1782593E-5A4C-463A-8EEF-20BCB159495C}.Debug|Any CPU.ActiveCfg = Debug|Any CPU
		{1782593E-5A4C-463A-8EEF-20BCB159495C}.Debug|Any CPU.Build.0 = Debug|Any CPU
		{1782593E-5A4C-463A-8EEF-20BCB159495C}.Release|Any CPU.ActiveCfg = Release|Any CPU
		{1782593E-5A4C-463A-8EEF-20BCB159495C}.Release|Any CPU.Build.0 = Release|Any CPU
	EndGlobalSection
	GlobalSection(SolutionProperties) = preSolution
		HideSolutionNode = FALSE
	EndGlobalSection
	GlobalSection(ExtensibilityGlobals) = postSolution
		SolutionGuid = {AD2A28A2-E5D1-47DA-84DA-BF9C273DB5FD}
	EndGlobalSection
EndGlobal
